
Microsoft Visual Studio Solution File, Format Version 12.00
# Visual Studio 15
VisualStudioVersion = 15.0.26124.0
MinimumVisualStudioVersion = 15.0.26124.0
Project("{F2A71F9B-5D33-465A-A702-920D77279786}") = "01", "01\01.fsproj", "{ADDF2B07-BFAA-4054-8C13-A19F1961D22C}"
EndProject
Project("{F2A71F9B-5D33-465A-A702-920D77279786}") = "02", "02\02.fsproj", "{C8DBCFE8-AFF4-4443-BDEC-BC3E1A17E993}"
EndProject
Project("{F2A71F9B-5D33-465A-A702-920D77279786}") = "03", "03\03.fsproj", "{9FFFADEE-2A99-4D62-9194-E0E8B29A7186}"
EndProject
Project("{F2A71F9B-5D33-465A-A702-920D77279786}") = "04", "04\04.fsproj", "{22B0A3C9-D19B-4269-B7B2-DF8ED6C547C5}"
EndProject
Project("{F2A71F9B-5D33-465A-A702-920D77279786}") = "05", "05\05.fsproj", "{C2373C92-477A-4B10-904B-41DCBCCF49CA}"
EndProject
Project("{F2A71F9B-5D33-465A-A702-920D77279786}") = "06", "06\06.fsproj", "{05582549-911A-4649-A46A-1F49E8307040}"
EndProject
Project("{F2A71F9B-5D33-465A-A702-920D77279786}") = "07", "07\07.fsproj", "{A19E8DCD-3837-49AC-94DD-094CCA11591B}"
EndProject
Project("{F2A71F9B-5D33-465A-A702-920D77279786}") = "08", "08\08.fsproj", "{9CEEB050-D289-4F9F-9D3F-4759F450EDEC}"
EndProject
Project("{F2A71F9B-5D33-465A-A702-920D77279786}") = "09", "09\09.fsproj", "{6CC641AD-505F-40A9-98C0-55B272F1A197}"
EndProject
Global
	GlobalSection(SolutionConfigurationPlatforms) = preSolution
		Debug|Any CPU = Debug|Any CPU
		Debug|x64 = Debug|x64
		Debug|x86 = Debug|x86
		Release|Any CPU = Release|Any CPU
		Release|x64 = Release|x64
		Release|x86 = Release|x86
	EndGlobalSection
	GlobalSection(SolutionProperties) = preSolution
		HideSolutionNode = FALSE
	EndGlobalSection
	GlobalSection(ProjectConfigurationPlatforms) = postSolution
		{ADDF2B07-BFAA-4054-8C13-A19F1961D22C}.Debug|Any CPU.ActiveCfg = Debug|Any CPU
		{ADDF2B07-BFAA-4054-8C13-A19F1961D22C}.Debug|Any CPU.Build.0 = Debug|Any CPU
		{ADDF2B07-BFAA-4054-8C13-A19F1961D22C}.Debug|x64.ActiveCfg = Debug|Any CPU
		{ADDF2B07-BFAA-4054-8C13-A19F1961D22C}.Debug|x64.Build.0 = Debug|Any CPU
		{ADDF2B07-BFAA-4054-8C13-A19F1961D22C}.Debug|x86.ActiveCfg = Debug|Any CPU
		{ADDF2B07-BFAA-4054-8C13-A19F1961D22C}.Debug|x86.Build.0 = Debug|Any CPU
		{ADDF2B07-BFAA-4054-8C13-A19F1961D22C}.Release|Any CPU.ActiveCfg = Release|Any CPU
		{ADDF2B07-BFAA-4054-8C13-A19F1961D22C}.Release|Any CPU.Build.0 = Release|Any CPU
		{ADDF2B07-BFAA-4054-8C13-A19F1961D22C}.Release|x64.ActiveCfg = Release|Any CPU
		{ADDF2B07-BFAA-4054-8C13-A19F1961D22C}.Release|x64.Build.0 = Release|Any CPU
		{ADDF2B07-BFAA-4054-8C13-A19F1961D22C}.Release|x86.ActiveCfg = Release|Any CPU
		{ADDF2B07-BFAA-4054-8C13-A19F1961D22C}.Release|x86.Build.0 = Release|Any CPU
		{C8DBCFE8-AFF4-4443-BDEC-BC3E1A17E993}.Debug|Any CPU.ActiveCfg = Debug|Any CPU
		{C8DBCFE8-AFF4-4443-BDEC-BC3E1A17E993}.Debug|Any CPU.Build.0 = Debug|Any CPU
		{C8DBCFE8-AFF4-4443-BDEC-BC3E1A17E993}.Debug|x64.ActiveCfg = Debug|Any CPU
		{C8DBCFE8-AFF4-4443-BDEC-BC3E1A17E993}.Debug|x64.Build.0 = Debug|Any CPU
		{C8DBCFE8-AFF4-4443-BDEC-BC3E1A17E993}.Debug|x86.ActiveCfg = Debug|Any CPU
		{C8DBCFE8-AFF4-4443-BDEC-BC3E1A17E993}.Debug|x86.Build.0 = Debug|Any CPU
		{C8DBCFE8-AFF4-4443-BDEC-BC3E1A17E993}.Release|Any CPU.ActiveCfg = Release|Any CPU
		{C8DBCFE8-AFF4-4443-BDEC-BC3E1A17E993}.Release|Any CPU.Build.0 = Release|Any CPU
		{C8DBCFE8-AFF4-4443-BDEC-BC3E1A17E993}.Release|x64.ActiveCfg = Release|Any CPU
		{C8DBCFE8-AFF4-4443-BDEC-BC3E1A17E993}.Release|x64.Build.0 = Release|Any CPU
		{C8DBCFE8-AFF4-4443-BDEC-BC3E1A17E993}.Release|x86.ActiveCfg = Release|Any CPU
		{C8DBCFE8-AFF4-4443-BDEC-BC3E1A17E993}.Release|x86.Build.0 = Release|Any CPU
		{9FFFADEE-2A99-4D62-9194-E0E8B29A7186}.Debug|Any CPU.ActiveCfg = Debug|Any CPU
		{9FFFADEE-2A99-4D62-9194-E0E8B29A7186}.Debug|Any CPU.Build.0 = Debug|Any CPU
		{9FFFADEE-2A99-4D62-9194-E0E8B29A7186}.Debug|x64.ActiveCfg = Debug|Any CPU
		{9FFFADEE-2A99-4D62-9194-E0E8B29A7186}.Debug|x64.Build.0 = Debug|Any CPU
		{9FFFADEE-2A99-4D62-9194-E0E8B29A7186}.Debug|x86.ActiveCfg = Debug|Any CPU
		{9FFFADEE-2A99-4D62-9194-E0E8B29A7186}.Debug|x86.Build.0 = Debug|Any CPU
		{9FFFADEE-2A99-4D62-9194-E0E8B29A7186}.Release|Any CPU.ActiveCfg = Release|Any CPU
		{9FFFADEE-2A99-4D62-9194-E0E8B29A7186}.Release|Any CPU.Build.0 = Release|Any CPU
		{9FFFADEE-2A99-4D62-9194-E0E8B29A7186}.Release|x64.ActiveCfg = Release|Any CPU
		{9FFFADEE-2A99-4D62-9194-E0E8B29A7186}.Release|x64.Build.0 = Release|Any CPU
		{9FFFADEE-2A99-4D62-9194-E0E8B29A7186}.Release|x86.ActiveCfg = Release|Any CPU
		{9FFFADEE-2A99-4D62-9194-E0E8B29A7186}.Release|x86.Build.0 = Release|Any CPU
		{22B0A3C9-D19B-4269-B7B2-DF8ED6C547C5}.Debug|Any CPU.ActiveCfg = Debug|Any CPU
		{22B0A3C9-D19B-4269-B7B2-DF8ED6C547C5}.Debug|Any CPU.Build.0 = Debug|Any CPU
		{22B0A3C9-D19B-4269-B7B2-DF8ED6C547C5}.Debug|x64.ActiveCfg = Debug|Any CPU
		{22B0A3C9-D19B-4269-B7B2-DF8ED6C547C5}.Debug|x64.Build.0 = Debug|Any CPU
		{22B0A3C9-D19B-4269-B7B2-DF8ED6C547C5}.Debug|x86.ActiveCfg = Debug|Any CPU
		{22B0A3C9-D19B-4269-B7B2-DF8ED6C547C5}.Debug|x86.Build.0 = Debug|Any CPU
		{22B0A3C9-D19B-4269-B7B2-DF8ED6C547C5}.Release|Any CPU.ActiveCfg = Release|Any CPU
		{22B0A3C9-D19B-4269-B7B2-DF8ED6C547C5}.Release|Any CPU.Build.0 = Release|Any CPU
		{22B0A3C9-D19B-4269-B7B2-DF8ED6C547C5}.Release|x64.ActiveCfg = Release|Any CPU
		{22B0A3C9-D19B-4269-B7B2-DF8ED6C547C5}.Release|x64.Build.0 = Release|Any CPU
		{22B0A3C9-D19B-4269-B7B2-DF8ED6C547C5}.Release|x86.ActiveCfg = Release|Any CPU
		{22B0A3C9-D19B-4269-B7B2-DF8ED6C547C5}.Release|x86.Build.0 = Release|Any CPU
		{C2373C92-477A-4B10-904B-41DCBCCF49CA}.Debug|Any CPU.ActiveCfg = Debug|Any CPU
		{C2373C92-477A-4B10-904B-41DCBCCF49CA}.Debug|Any CPU.Build.0 = Debug|Any CPU
		{C2373C92-477A-4B10-904B-41DCBCCF49CA}.Debug|x64.ActiveCfg = Debug|Any CPU
		{C2373C92-477A-4B10-904B-41DCBCCF49CA}.Debug|x64.Build.0 = Debug|Any CPU
		{C2373C92-477A-4B10-904B-41DCBCCF49CA}.Debug|x86.ActiveCfg = Debug|Any CPU
		{C2373C92-477A-4B10-904B-41DCBCCF49CA}.Debug|x86.Build.0 = Debug|Any CPU
		{C2373C92-477A-4B10-904B-41DCBCCF49CA}.Release|Any CPU.ActiveCfg = Release|Any CPU
		{C2373C92-477A-4B10-904B-41DCBCCF49CA}.Release|Any CPU.Build.0 = Release|Any CPU
		{C2373C92-477A-4B10-904B-41DCBCCF49CA}.Release|x64.ActiveCfg = Release|Any CPU
		{C2373C92-477A-4B10-904B-41DCBCCF49CA}.Release|x64.Build.0 = Release|Any CPU
		{C2373C92-477A-4B10-904B-41DCBCCF49CA}.Release|x86.ActiveCfg = Release|Any CPU
		{C2373C92-477A-4B10-904B-41DCBCCF49CA}.Release|x86.Build.0 = Release|Any CPU
		{05582549-911A-4649-A46A-1F49E8307040}.Debug|Any CPU.ActiveCfg = Debug|Any CPU
		{05582549-911A-4649-A46A-1F49E8307040}.Debug|Any CPU.Build.0 = Debug|Any CPU
		{05582549-911A-4649-A46A-1F49E8307040}.Debug|x64.ActiveCfg = Debug|Any CPU
		{05582549-911A-4649-A46A-1F49E8307040}.Debug|x64.Build.0 = Debug|Any CPU
		{05582549-911A-4649-A46A-1F49E8307040}.Debug|x86.ActiveCfg = Debug|Any CPU
		{05582549-911A-4649-A46A-1F49E8307040}.Debug|x86.Build.0 = Debug|Any CPU
		{05582549-911A-4649-A46A-1F49E8307040}.Release|Any CPU.ActiveCfg = Release|Any CPU
		{05582549-911A-4649-A46A-1F49E8307040}.Release|Any CPU.Build.0 = Release|Any CPU
		{05582549-911A-4649-A46A-1F49E8307040}.Release|x64.ActiveCfg = Release|Any CPU
		{05582549-911A-4649-A46A-1F49E8307040}.Release|x64.Build.0 = Release|Any CPU
		{05582549-911A-4649-A46A-1F49E8307040}.Release|x86.ActiveCfg = Release|Any CPU
		{05582549-911A-4649-A46A-1F49E8307040}.Release|x86.Build.0 = Release|Any CPU
		{A19E8DCD-3837-49AC-94DD-094CCA11591B}.Debug|Any CPU.ActiveCfg = Debug|Any CPU
		{A19E8DCD-3837-49AC-94DD-094CCA11591B}.Debug|Any CPU.Build.0 = Debug|Any CPU
		{A19E8DCD-3837-49AC-94DD-094CCA11591B}.Debug|x64.ActiveCfg = Debug|Any CPU
		{A19E8DCD-3837-49AC-94DD-094CCA11591B}.Debug|x64.Build.0 = Debug|Any CPU
		{A19E8DCD-3837-49AC-94DD-094CCA11591B}.Debug|x86.ActiveCfg = Debug|Any CPU
		{A19E8DCD-3837-49AC-94DD-094CCA11591B}.Debug|x86.Build.0 = Debug|Any CPU
		{A19E8DCD-3837-49AC-94DD-094CCA11591B}.Release|Any CPU.ActiveCfg = Release|Any CPU
		{A19E8DCD-3837-49AC-94DD-094CCA11591B}.Release|Any CPU.Build.0 = Release|Any CPU
		{A19E8DCD-3837-49AC-94DD-094CCA11591B}.Release|x64.ActiveCfg = Release|Any CPU
		{A19E8DCD-3837-49AC-94DD-094CCA11591B}.Release|x64.Build.0 = Release|Any CPU
		{A19E8DCD-3837-49AC-94DD-094CCA11591B}.Release|x86.ActiveCfg = Release|Any CPU
		{A19E8DCD-3837-49AC-94DD-094CCA11591B}.Release|x86.Build.0 = Release|Any CPU
		{9CEEB050-D289-4F9F-9D3F-4759F450EDEC}.Debug|Any CPU.ActiveCfg = Debug|Any CPU
		{9CEEB050-D289-4F9F-9D3F-4759F450EDEC}.Debug|Any CPU.Build.0 = Debug|Any CPU
		{9CEEB050-D289-4F9F-9D3F-4759F450EDEC}.Debug|x64.ActiveCfg = Debug|Any CPU
		{9CEEB050-D289-4F9F-9D3F-4759F450EDEC}.Debug|x64.Build.0 = Debug|Any CPU
		{9CEEB050-D289-4F9F-9D3F-4759F450EDEC}.Debug|x86.ActiveCfg = Debug|Any CPU
		{9CEEB050-D289-4F9F-9D3F-4759F450EDEC}.Debug|x86.Build.0 = Debug|Any CPU
		{9CEEB050-D289-4F9F-9D3F-4759F450EDEC}.Release|Any CPU.ActiveCfg = Release|Any CPU
		{9CEEB050-D289-4F9F-9D3F-4759F450EDEC}.Release|Any CPU.Build.0 = Release|Any CPU
		{9CEEB050-D289-4F9F-9D3F-4759F450EDEC}.Release|x64.ActiveCfg = Release|Any CPU
		{9CEEB050-D289-4F9F-9D3F-4759F450EDEC}.Release|x64.Build.0 = Release|Any CPU
		{9CEEB050-D289-4F9F-9D3F-4759F450EDEC}.Release|x86.ActiveCfg = Release|Any CPU
		{9CEEB050-D289-4F9F-9D3F-4759F450EDEC}.Release|x86.Build.0 = Release|Any CPU
		{6CC641AD-505F-40A9-98C0-55B272F1A197}.Debug|Any CPU.ActiveCfg = Debug|Any CPU
		{6CC641AD-505F-40A9-98C0-55B272F1A197}.Debug|Any CPU.Build.0 = Debug|Any CPU
		{6CC641AD-505F-40A9-98C0-55B272F1A197}.Debug|x64.ActiveCfg = Debug|Any CPU
		{6CC641AD-505F-40A9-98C0-55B272F1A197}.Debug|x64.Build.0 = Debug|Any CPU
		{6CC641AD-505F-40A9-98C0-55B272F1A197}.Debug|x86.ActiveCfg = Debug|Any CPU
		{6CC641AD-505F-40A9-98C0-55B272F1A197}.Debug|x86.Build.0 = Debug|Any CPU
		{6CC641AD-505F-40A9-98C0-55B272F1A197}.Release|Any CPU.ActiveCfg = Release|Any CPU
		{6CC641AD-505F-40A9-98C0-55B272F1A197}.Release|Any CPU.Build.0 = Release|Any CPU
		{6CC641AD-505F-40A9-98C0-55B272F1A197}.Release|x64.ActiveCfg = Release|Any CPU
		{6CC641AD-505F-40A9-98C0-55B272F1A197}.Release|x64.Build.0 = Release|Any CPU
		{6CC641AD-505F-40A9-98C0-55B272F1A197}.Release|x86.ActiveCfg = Release|Any CPU
		{6CC641AD-505F-40A9-98C0-55B272F1A197}.Release|x86.Build.0 = Release|Any CPU
	EndGlobalSection
EndGlobal
